
Microsoft Visual Studio Solution File, Format Version 12.00
# Visual Studio Version 16
VisualStudioVersion = 16.0.30114.105
MinimumVisualStudioVersion = 10.0.40219.1
Project("{FAE04EC0-301F-11D3-BF4B-00C04F79EFBC}") = "FictionSnippets", "FictionSnippets\FictionSnippets.csproj", "{20C51BF0-9E7E-476C-8A35-251281F29D3E}"
EndProject
Project("{FAE04EC0-301F-11D3-BF4B-00C04F79EFBC}") = "FictionTest", "FictionTest\FictionTest.csproj", "{92DF904D-0552-440E-94D1-6319B137D850}"
EndProject
Global
	GlobalSection(SolutionConfigurationPlatforms) = preSolution
		Debug|Any CPU = Debug|Any CPU
		Debug|x64 = Debug|x64
		Debug|x86 = Debug|x86
		Release|Any CPU = Release|Any CPU
		Release|x64 = Release|x64
		Release|x86 = Release|x86
	EndGlobalSection
	GlobalSection(SolutionProperties) = preSolution
		HideSolutionNode = FALSE
	EndGlobalSection
	GlobalSection(ProjectConfigurationPlatforms) = postSolution
		{20C51BF0-9E7E-476C-8A35-251281F29D3E}.Debug|Any CPU.ActiveCfg = Debug|Any CPU
		{20C51BF0-9E7E-476C-8A35-251281F29D3E}.Debug|Any CPU.Build.0 = Debug|Any CPU
		{20C51BF0-9E7E-476C-8A35-251281F29D3E}.Debug|x64.ActiveCfg = Debug|Any CPU
		{20C51BF0-9E7E-476C-8A35-251281F29D3E}.Debug|x64.Build.0 = Debug|Any CPU
		{20C51BF0-9E7E-476C-8A35-251281F29D3E}.Debug|x86.ActiveCfg = Debug|Any CPU
		{20C51BF0-9E7E-476C-8A35-251281F29D3E}.Debug|x86.Build.0 = Debug|Any CPU
		{20C51BF0-9E7E-476C-8A35-251281F29D3E}.Release|Any CPU.ActiveCfg = Release|Any CPU
		{20C51BF0-9E7E-476C-8A35-251281F29D3E}.Release|Any CPU.Build.0 = Release|Any CPU
		{20C51BF0-9E7E-476C-8A35-251281F29D3E}.Release|x64.ActiveCfg = Release|Any CPU
		{20C51BF0-9E7E-476C-8A35-251281F29D3E}.Release|x64.Build.0 = Release|Any CPU
		{20C51BF0-9E7E-476C-8A35-251281F29D3E}.Release|x86.ActiveCfg = Release|Any CPU
		{20C51BF0-9E7E-476C-8A35-251281F29D3E}.Release|x86.Build.0 = Release|Any CPU
		{92DF904D-0552-440E-94D1-6319B137D850}.Debug|Any CPU.ActiveCfg = Debug|Any CPU
		{92DF904D-0552-440E-94D1-6319B137D850}.Debug|Any CPU.Build.0 = Debug|Any CPU
		{92DF904D-0552-440E-94D1-6319B137D850}.Debug|x64.ActiveCfg = Debug|Any CPU
		{92DF904D-0552-440E-94D1-6319B137D850}.Debug|x64.Build.0 = Debug|Any CPU
		{92DF904D-0552-440E-94D1-6319B137D850}.Debug|x86.ActiveCfg = Debug|Any CPU
		{92DF904D-0552-440E-94D1-6319B137D850}.Debug|x86.Build.0 = Debug|Any CPU
		{92DF904D-0552-440E-94D1-6319B137D850}.Release|Any CPU.ActiveCfg = Release|Any CPU
		{92DF904D-0552-440E-94D1-6319B137D850}.Release|Any CPU.Build.0 = Release|Any CPU
		{92DF904D-0552-440E-94D1-6319B137D850}.Release|x64.ActiveCfg = Release|Any CPU
		{92DF904D-0552-440E-94D1-6319B137D850}.Release|x64.Build.0 = Release|Any CPU
		{92DF904D-0552-440E-94D1-6319B137D850}.Release|x86.ActiveCfg = Release|Any CPU
		{92DF904D-0552-440E-94D1-6319B137D850}.Release|x86.Build.0 = Release|Any CPU
	EndGlobalSection
EndGlobal
